
Microsoft Visual Studio Solution File, Format Version 11.00
# Visual Studio 2010
Project("{FAE04EC0-301F-11D3-BF4B-00C04F79EFBC}") = "BizTalkSoftwareFactory", "BizTalkSoftwareFactory\BizTalkSoftwareFactory.csproj", "{5E71DD70-DF7B-44B1-BB80-E9FA7977F62E}"
EndProject
Global
	GlobalSection(TeamFoundationVersionControl) = preSolution
		SccNumberOfProjects = 2
		SccEnterpriseProvider = {4CA58AB2-18FA-4F8D-95D4-32DDF27D184C}
		SccTeamFoundationServer = https://tfs.codeplex.com/tfs/tfs07
		SccLocalPath0 = .
		SccProjectUniqueName1 = BizTalkSoftwareFactory\\BizTalkSoftwareFactory.csproj
		SccProjectName1 = BizTalkSoftwareFactory
		SccLocalPath1 = BizTalkSoftwareFactory
	EndGlobalSection
	GlobalSection(SolutionConfigurationPlatforms) = preSolution
		Debug|Any CPU = Debug|Any CPU
		Release|Any CPU = Release|Any CPU
	EndGlobalSection
	GlobalSection(ProjectConfigurationPlatforms) = postSolution
		{5E71DD70-DF7B-44B1-BB80-E9FA7977F62E}.Debug|Any CPU.ActiveCfg = Debug|Any CPU
		{5E71DD70-DF7B-44B1-BB80-E9FA7977F62E}.Debug|Any CPU.Build.0 = Debug|Any CPU
		{5E71DD70-DF7B-44B1-BB80-E9FA7977F62E}.Release|Any CPU.ActiveCfg = Release|Any CPU
		{5E71DD70-DF7B-44B1-BB80-E9FA7977F62E}.Release|Any CPU.Build.0 = Release|Any CPU
	EndGlobalSection
	GlobalSection(SolutionProperties) = preSolution
		HideSolutionNode = FALSE
	EndGlobalSection
EndGlobal
